
Microsoft Visual Studio Solution File, Format Version 12.00
# Visual Studio Version 17
VisualStudioVersion = 17.13.35913.81 d17.13
MinimumVisualStudioVersion = 10.0.40219.1
Project("{FAE04EC0-301F-11D3-BF4B-00C04F79EFBC}") = "COMP1551-COSP25RE", "COMP1551-COSP25RE\COMP1551-COSP25RE.csproj", "{3047C9E4-2A9C-4BC4-AB19-0BBC30229BD6}"
EndProject
Project("{FAE04EC0-301F-11D3-BF4B-00C04F79EFBC}") = "ContactManagementSystemBasic", "ContactManagementSystemBasic\ContactManagementSystemBasic.csproj", "{92683972-229F-48BD-816B-D74423ECC508}"
EndProject
Global
	GlobalSection(SolutionConfigurationPlatforms) = preSolution
		Debug|Any CPU = Debug|Any CPU
		Release|Any CPU = Release|Any CPU
	EndGlobalSection
	GlobalSection(ProjectConfigurationPlatforms) = postSolution
		{3047C9E4-2A9C-4BC4-AB19-0BBC30229BD6}.Debug|Any CPU.ActiveCfg = Debug|Any CPU
		{3047C9E4-2A9C-4BC4-AB19-0BBC30229BD6}.Debug|Any CPU.Build.0 = Debug|Any CPU
		{3047C9E4-2A9C-4BC4-AB19-0BBC30229BD6}.Release|Any CPU.ActiveCfg = Release|Any CPU
		{3047C9E4-2A9C-4BC4-AB19-0BBC30229BD6}.Release|Any CPU.Build.0 = Release|Any CPU
		{92683972-229F-48BD-816B-D74423ECC508}.Debug|Any CPU.ActiveCfg = Debug|Any CPU
		{92683972-229F-48BD-816B-D74423ECC508}.Debug|Any CPU.Build.0 = Debug|Any CPU
		{92683972-229F-48BD-816B-D74423ECC508}.Release|Any CPU.ActiveCfg = Release|Any CPU
		{92683972-229F-48BD-816B-D74423ECC508}.Release|Any CPU.Build.0 = Release|Any CPU
	EndGlobalSection
	GlobalSection(SolutionProperties) = preSolution
		HideSolutionNode = FALSE
	EndGlobalSection
	GlobalSection(ExtensibilityGlobals) = postSolution
		SolutionGuid = {B2E8A3E1-0DCF-4AF0-8903-566A520C2670}
	EndGlobalSection
EndGlobal
